
Microsoft Visual Studio Solution File, Format Version 12.00
# Visual Studio Version 17
VisualStudioVersion = 17.14.36811.4 d17.14
MinimumVisualStudioVersion = 10.0.40219.1
Project("{FAE04EC0-301F-11D3-BF4B-00C04F79EFBC}") = "TankGame", "TankGame.csproj", "{23BC7D7E-FB25-4C9F-A5C1-7B71868AFC70}"
EndProject
Global
	GlobalSection(SolutionConfigurationPlatforms) = preSolution
		Debug|Any CPU = Debug|Any CPU
		Release|Any CPU = Release|Any CPU
	EndGlobalSection
	GlobalSection(ProjectConfigurationPlatforms) = postSolution
		{23BC7D7E-FB25-4C9F-A5C1-7B71868AFC70}.Debug|Any CPU.ActiveCfg = Debug|Any CPU
		{23BC7D7E-FB25-4C9F-A5C1-7B71868AFC70}.Debug|Any CPU.Build.0 = Debug|Any CPU
		{23BC7D7E-FB25-4C9F-A5C1-7B71868AFC70}.Release|Any CPU.ActiveCfg = Release|Any CPU
		{23BC7D7E-FB25-4C9F-A5C1-7B71868AFC70}.Release|Any CPU.Build.0 = Release|Any CPU
	EndGlobalSection
	GlobalSection(SolutionProperties) = preSolution
		HideSolutionNode = FALSE
	EndGlobalSection
	GlobalSection(ExtensibilityGlobals) = postSolution
		SolutionGuid = {CD741254-EA51-407B-B8B1-38262CBB9A5C}
	EndGlobalSection
EndGlobal
