<Solution>
  <Folder Name="/Mir2Tool/">
    <Project Path="Tools/Mir2Tool/LibraryExtract/LibraryExtract.csproj" />
    <Project Path="Tools/Mir2Tool/MapExtract/MapExtract.csproj" />
    <Project Path="Tools/Mir2Tool/MirWebPacker/MirWebPacker.csproj" />
    <Project Path="Tools/Mir2Tool/TextureToWebP/TextureToWebP.csproj" />
    <Project Path="Tools/Mir2Tool/WebLib/WebLib.csproj" />
  </Folder>
  <Project Path="Web_Mir2.Client/Web_Mir2.Client.csproj" />
  <Project Path="Web_Mir2.Engine/Web_Mir2.Engine.csproj" />
  <Project Path="Web_Mir2.Server/Web_Mir2.Server.csproj" />
</Solution>
