<Solution>
  <Folder Name="/TestTool/">
    <Project Path="TestTool/WebSocketTestServer/WebSocketTestServer.csproj" />
  </Folder>
  <Project Path="KFramework.Content.Cli/KFramework.Content.Cli.csproj" />
  <Project Path="KFramework.Example1/KFramework.Example1.csproj" />
  <Project Path="KFramework.Example2/KFramework.Example2.csproj" />
  <Project Path="KFramework.Example3/KFramework.Example3.csproj" />
  <Project Path="KFramework.MonoGame/KFramework.MonoGame.csproj" />
  <Project Path="KFramework.MonoGameExtend/KFramework.MonoGameExtend.csproj" />
  <Project Path="KFramework.TSEngine/KFramework.TSEngine.esproj">
    <Build />
    <Deploy />
  </Project>
</Solution>
